
Microsoft Visual Studio Solution File, Format Version 12.00
# Visual Studio Version 16
VisualStudioVersion = 16.0.31205.134
MinimumVisualStudioVersion = 10.0.40219.1
Project("{FAE04EC0-301F-11D3-BF4B-00C04F79EFBC}") = "Xamarin.forms1.UWP", "Xamarin.forms1.UWP\Xamarin.forms1.UWP.csproj", "{4F079200-DFF8-44E3-8963-6B2B056DC145}"
EndProject
Project("{FAE04EC0-301F-11D3-BF4B-00C04F79EFBC}") = "Xamarin.forms1.Android", "Xamarin.forms1.Android\Xamarin.forms1.Android.csproj", "{52C4A145-0C57-4DA9-9342-61341C17A5B7}"
EndProject
Project("{FAE04EC0-301F-11D3-BF4B-00C04F79EFBC}") = "Xamarin.forms1.iOS", "Xamarin.forms1.iOS\Xamarin.forms1.iOS.csproj", "{67ABB01D-A074-40DA-8F72-5B86023F4D28}"
EndProject
Project("{FAE04EC0-301F-11D3-BF4B-00C04F79EFBC}") = "Xamarin.forms1", "Xamarin.forms1\Xamarin.forms1.csproj", "{096D43B4-9897-4560-9FF3-C23EB0DB8E4B}"
EndProject
Global
	GlobalSection(SolutionConfigurationPlatforms) = preSolution
		Debug|Any CPU = Debug|Any CPU
		Debug|ARM = Debug|ARM
		Debug|iPhone = Debug|iPhone
		Debug|iPhoneSimulator = Debug|iPhoneSimulator
		Debug|x64 = Debug|x64
		Debug|x86 = Debug|x86
		Release|Any CPU = Release|Any CPU
		Release|ARM = Release|ARM
		Release|iPhone = Release|iPhone
		Release|iPhoneSimulator = Release|iPhoneSimulator
		Release|x64 = Release|x64
		Release|x86 = Release|x86
	EndGlobalSection
	GlobalSection(ProjectConfigurationPlatforms) = postSolution
		{4F079200-DFF8-44E3-8963-6B2B056DC145}.Debug|Any CPU.ActiveCfg = Debug|x86
		{4F079200-DFF8-44E3-8963-6B2B056DC145}.Debug|Any CPU.Build.0 = Debug|x86
		{4F079200-DFF8-44E3-8963-6B2B056DC145}.Debug|Any CPU.Deploy.0 = Debug|x86
		{4F079200-DFF8-44E3-8963-6B2B056DC145}.Debug|ARM.ActiveCfg = Debug|ARM
		{4F079200-DFF8-44E3-8963-6B2B056DC145}.Debug|ARM.Build.0 = Debug|ARM
		{4F079200-DFF8-44E3-8963-6B2B056DC145}.Debug|ARM.Deploy.0 = Debug|ARM
		{4F079200-DFF8-44E3-8963-6B2B056DC145}.Debug|iPhone.ActiveCfg = Debug|x86
		{4F079200-DFF8-44E3-8963-6B2B056DC145}.Debug|iPhone.Build.0 = Debug|x86
		{4F079200-DFF8-44E3-8963-6B2B056DC145}.Debug|iPhone.Deploy.0 = Debug|x86
		{4F079200-DFF8-44E3-8963-6B2B056DC145}.Debug|iPhoneSimulator.ActiveCfg = Debug|x86
		{4F079200-DFF8-44E3-8963-6B2B056DC145}.Debug|iPhoneSimulator.Build.0 = Debug|x86
		{4F079200-DFF8-44E3-8963-6B2B056DC145}.Debug|iPhoneSimulator.Deploy.0 = Debug|x86
		{4F079200-DFF8-44E3-8963-6B2B056DC145}.Debug|x64.ActiveCfg = Debug|x64
		{4F079200-DFF8-44E3-8963-6B2B056DC145}.Debug|x64.Build.0 = Debug|x64
		{4F079200-DFF8-44E3-8963-6B2B056DC145}.Debug|x64.Deploy.0 = Debug|x64
		{4F079200-DFF8-44E3-8963-6B2B056DC145}.Debug|x86.ActiveCfg = Debug|x86
		{4F079200-DFF8-44E3-8963-6B2B056DC145}.Debug|x86.Build.0 = Debug|x86
		{4F079200-DFF8-44E3-8963-6B2B056DC145}.Debug|x86.Deploy.0 = Debug|x86
		{4F079200-DFF8-44E3-8963-6B2B056DC145}.Release|Any CPU.ActiveCfg = Release|x86
		{4F079200-DFF8-44E3-8963-6B2B056DC145}.Release|Any CPU.Build.0 = Release|x86
		{4F079200-DFF8-44E3-8963-6B2B056DC145}.Release|Any CPU.Deploy.0 = Release|x86
		{4F079200-DFF8-44E3-8963-6B2B056DC145}.Release|ARM.ActiveCfg = Release|ARM
		{4F079200-DFF8-44E3-8963-6B2B056DC145}.Release|ARM.Build.0 = Release|ARM
		{4F079200-DFF8-44E3-8963-6B2B056DC145}.Release|ARM.Deploy.0 = Release|ARM
		{4F079200-DFF8-44E3-8963-6B2B056DC145}.Release|iPhone.ActiveCfg = Release|x86
		{4F079200-DFF8-44E3-8963-6B2B056DC145}.Release|iPhone.Build.0 = Release|x86
		{4F079200-DFF8-44E3-8963-6B2B056DC145}.Release|iPhone.Deploy.0 = Release|x86
		{4F079200-DFF8-44E3-8963-6B2B056DC145}.Release|iPhoneSimulator.ActiveCfg = Release|x86
		{4F079200-DFF8-44E3-8963-6B2B056DC145}.Release|iPhoneSimulator.Build.0 = Release|x86
		{4F079200-DFF8-44E3-8963-6B2B056DC145}.Release|iPhoneSimulator.Deploy.0 = Release|x86
		{4F079200-DFF8-44E3-8963-6B2B056DC145}.Release|x64.ActiveCfg = Release|x64
		{4F079200-DFF8-44E3-8963-6B2B056DC145}.Release|x64.Build.0 = Release|x64
		{4F079200-DFF8-44E3-8963-6B2B056DC145}.Release|x64.Deploy.0 = Release|x64
		{4F079200-DFF8-44E3-8963-6B2B056DC145}.Release|x86.ActiveCfg = Release|x86
		{4F079200-DFF8-44E3-8963-6B2B056DC145}.Release|x86.Build.0 = Release|x86
		{4F079200-DFF8-44E3-8963-6B2B056DC145}.Release|x86.Deploy.0 = Release|x86
		{52C4A145-0C57-4DA9-9342-61341C17A5B7}.Debug|Any CPU.ActiveCfg = Debug|Any CPU
		{52C4A145-0C57-4DA9-9342-61341C17A5B7}.Debug|Any CPU.Build.0 = Debug|Any CPU
		{52C4A145-0C57-4DA9-9342-61341C17A5B7}.Debug|Any CPU.Deploy.0 = Debug|Any CPU
		{52C4A145-0C57-4DA9-9342-61341C17A5B7}.Debug|ARM.ActiveCfg = Debug|Any CPU
		{52C4A145-0C57-4DA9-9342-61341C17A5B7}.Debug|ARM.Build.0 = Debug|Any CPU
		{52C4A145-0C57-4DA9-9342-61341C17A5B7}.Debug|ARM.Deploy.0 = Debug|Any CPU
		{52C4A145-0C57-4DA9-9342-61341C17A5B7}.Debug|iPhone.ActiveCfg = Debug|Any CPU
		{52C4A145-0C57-4DA9-9342-61341C17A5B7}.Debug|iPhone.Build.0 = Debug|Any CPU
		{52C4A145-0C57-4DA9-9342-61341C17A5B7}.Debug|iPhone.Deploy.0 = Debug|Any CPU
		{52C4A145-0C57-4DA9-9342-61341C17A5B7}.Debug|iPhoneSimulator.ActiveCfg = Debug|Any CPU
		{52C4A145-0C57-4DA9-9342-61341C17A5B7}.Debug|iPhoneSimulator.Build.0 = Debug|Any CPU
		{52C4A145-0C57-4DA9-9342-61341C17A5B7}.Debug|iPhoneSimulator.Deploy.0 = Debug|Any CPU
		{52C4A145-0C57-4DA9-9342-61341C17A5B7}.Debug|x64.ActiveCfg = Debug|Any CPU
		{52C4A145-0C57-4DA9-9342-61341C17A5B7}.Debug|x64.Build.0 = Debug|Any CPU
		{52C4A145-0C57-4DA9-9342-61341C17A5B7}.Debug|x64.Deploy.0 = Debug|Any CPU
		{52C4A145-0C57-4DA9-9342-61341C17A5B7}.Debug|x86.ActiveCfg = Debug|Any CPU
		{52C4A145-0C57-4DA9-9342-61341C17A5B7}.Debug|x86.Build.0 = Debug|Any CPU
		{52C4A145-0C57-4DA9-9342-61341C17A5B7}.Debug|x86.Deploy.0 = Debug|Any CPU
		{52C4A145-0C57-4DA9-9342-61341C17A5B7}.Release|Any CPU.ActiveCfg = Release|Any CPU
		{52C4A145-0C57-4DA9-9342-61341C17A5B7}.Release|Any CPU.Build.0 = Release|Any CPU
		{52C4A145-0C57-4DA9-9342-61341C17A5B7}.Release|Any CPU.Deploy.0 = Release|Any CPU
		{52C4A145-0C57-4DA9-9342-61341C17A5B7}.Release|ARM.ActiveCfg = Release|Any CPU
		{52C4A145-0C57-4DA9-9342-61341C17A5B7}.Release|ARM.Build.0 = Release|Any CPU
		{52C4A145-0C57-4DA9-9342-61341C17A5B7}.Release|ARM.Deploy.0 = Release|Any CPU
		{52C4A145-0C57-4DA9-9342-61341C17A5B7}.Release|iPhone.ActiveCfg = Release|Any CPU
		{52C4A145-0C57-4DA9-9342-61341C17A5B7}.Release|iPhone.Build.0 = Release|Any CPU
		{52C4A145-0C57-4DA9-9342-61341C17A5B7}.Release|iPhone.Deploy.0 = Release|Any CPU
		{52C4A145-0C57-4DA9-9342-61341C17A5B7}.Release|iPhoneSimulator.ActiveCfg = Release|Any CPU
		{52C4A145-0C57-4DA9-9342-61341C17A5B7}.Release|iPhoneSimulator.Build.0 = Release|Any CPU
		{52C4A145-0C57-4DA9-9342-61341C17A5B7}.Release|iPhoneSimulator.Deploy.0 = Release|Any CPU
		{52C4A145-0C57-4DA9-9342-61341C17A5B7}.Release|x64.ActiveCfg = Release|Any CPU
		{52C4A145-0C57-4DA9-9342-61341C17A5B7}.Release|x64.Build.0 = Release|Any CPU
		{52C4A145-0C57-4DA9-9342-61341C17A5B7}.Release|x64.Deploy.0 = Release|Any CPU
		{52C4A145-0C57-4DA9-9342-61341C17A5B7}.Release|x86.ActiveCfg = Release|Any CPU
		{52C4A145-0C57-4DA9-9342-61341C17A5B7}.Release|x86.Build.0 = Release|Any CPU
		{52C4A145-0C57-4DA9-9342-61341C17A5B7}.Release|x86.Deploy.0 = Release|Any CPU
		{67ABB01D-A074-40DA-8F72-5B86023F4D28}.Debug|Any CPU.ActiveCfg = Debug|iPhoneSimulator
		{67ABB01D-A074-40DA-8F72-5B86023F4D28}.Debug|Any CPU.Build.0 = Debug|iPhoneSimulator
		{67ABB01D-A074-40DA-8F72-5B86023F4D28}.Debug|Any CPU.Deploy.0 = Debug|iPhoneSimulator
		{67ABB01D-A074-40DA-8F72-5B86023F4D28}.Debug|ARM.ActiveCfg = Debug|iPhone
		{67ABB01D-A074-40DA-8F72-5B86023F4D28}.Debug|ARM.Build.0 = Debug|iPhone
		{67ABB01D-A074-40DA-8F72-5B86023F4D28}.Debug|ARM.Deploy.0 = Debug|iPhone
		{67ABB01D-A074-40DA-8F72-5B86023F4D28}.Debug|iPhone.ActiveCfg = Debug|iPhone
		{67ABB01D-A074-40DA-8F72-5B86023F4D28}.Debug|iPhone.Build.0 = Debug|iPhone
		{67ABB01D-A074-40DA-8F72-5B86023F4D28}.Debug|iPhone.Deploy.0 = Debug|iPhone
		{67ABB01D-A074-40DA-8F72-5B86023F4D28}.Debug|iPhoneSimulator.ActiveCfg = Debug|iPhoneSimulator
		{67ABB01D-A074-40DA-8F72-5B86023F4D28}.Debug|iPhoneSimulator.Build.0 = Debug|iPhoneSimulator
		{67ABB01D-A074-40DA-8F72-5B86023F4D28}.Debug|iPhoneSimulator.Deploy.0 = Debug|iPhoneSimulator
		{67ABB01D-A074-40DA-8F72-5B86023F4D28}.Debug|x64.ActiveCfg = Debug|iPhoneSimulator
		{67ABB01D-A074-40DA-8F72-5B86023F4D28}.Debug|x64.Build.0 = Debug|iPhoneSimulator
		{67ABB01D-A074-40DA-8F72-5B86023F4D28}.Debug|x64.Deploy.0 = Debug|iPhoneSimulator
		{67ABB01D-A074-40DA-8F72-5B86023F4D28}.Debug|x86.ActiveCfg = Debug|iPhoneSimulator
		{67ABB01D-A074-40DA-8F72-5B86023F4D28}.Debug|x86.Build.0 = Debug|iPhoneSimulator
		{67ABB01D-A074-40DA-8F72-5B86023F4D28}.Debug|x86.Deploy.0 = Debug|iPhoneSimulator
		{67ABB01D-A074-40DA-8F72-5B86023F4D28}.Release|Any CPU.ActiveCfg = Release|iPhoneSimulator
		{67ABB01D-A074-40DA-8F72-5B86023F4D28}.Release|Any CPU.Build.0 = Release|iPhoneSimulator
		{67ABB01D-A074-40DA-8F72-5B86023F4D28}.Release|Any CPU.Deploy.0 = Release|iPhoneSimulator
		{67ABB01D-A074-40DA-8F72-5B86023F4D28}.Release|ARM.ActiveCfg = Release|iPhoneSimulator
		{67ABB01D-A074-40DA-8F72-5B86023F4D28}.Release|ARM.Build.0 = Release|iPhoneSimulator
		{67ABB01D-A074-40DA-8F72-5B86023F4D28}.Release|ARM.Deploy.0 = Release|iPhoneSimulator
		{67ABB01D-A074-40DA-8F72-5B86023F4D28}.Release|iPhone.ActiveCfg = Release|iPhone
		{67ABB01D-A074-40DA-8F72-5B86023F4D28}.Release|iPhone.Build.0 = Release|iPhone
		{67ABB01D-A074-40DA-8F72-5B86023F4D28}.Release|iPhone.Deploy.0 = Release|iPhone
		{67ABB01D-A074-40DA-8F72-5B86023F4D28}.Release|iPhoneSimulator.ActiveCfg = Release|iPhoneSimulator
		{67ABB01D-A074-40DA-8F72-5B86023F4D28}.Release|iPhoneSimulator.Build.0 = Release|iPhoneSimulator
		{67ABB01D-A074-40DA-8F72-5B86023F4D28}.Release|iPhoneSimulator.Deploy.0 = Release|iPhoneSimulator
		{67ABB01D-A074-40DA-8F72-5B86023F4D28}.Release|x64.ActiveCfg = Release|iPhoneSimulator
		{67ABB01D-A074-40DA-8F72-5B86023F4D28}.Release|x64.Build.0 = Release|iPhoneSimulator
		{67ABB01D-A074-40DA-8F72-5B86023F4D28}.Release|x64.Deploy.0 = Release|iPhoneSimulator
		{67ABB01D-A074-40DA-8F72-5B86023F4D28}.Release|x86.ActiveCfg = Release|iPhoneSimulator
		{67ABB01D-A074-40DA-8F72-5B86023F4D28}.Release|x86.Build.0 = Release|iPhoneSimulator
		{67ABB01D-A074-40DA-8F72-5B86023F4D28}.Release|x86.Deploy.0 = Release|iPhoneSimulator
		{096D43B4-9897-4560-9FF3-C23EB0DB8E4B}.Debug|Any CPU.ActiveCfg = Debug|Any CPU
		{096D43B4-9897-4560-9FF3-C23EB0DB8E4B}.Debug|Any CPU.Build.0 = Debug|Any CPU
		{096D43B4-9897-4560-9FF3-C23EB0DB8E4B}.Debug|Any CPU.Deploy.0 = Debug|Any CPU
		{096D43B4-9897-4560-9FF3-C23EB0DB8E4B}.Debug|ARM.ActiveCfg = Debug|Any CPU
		{096D43B4-9897-4560-9FF3-C23EB0DB8E4B}.Debug|ARM.Build.0 = Debug|Any CPU
		{096D43B4-9897-4560-9FF3-C23EB0DB8E4B}.Debug|ARM.Deploy.0 = Debug|Any CPU
		{096D43B4-9897-4560-9FF3-C23EB0DB8E4B}.Debug|iPhone.ActiveCfg = Debug|Any CPU
		{096D43B4-9897-4560-9FF3-C23EB0DB8E4B}.Debug|iPhone.Build.0 = Debug|Any CPU
		{096D43B4-9897-4560-9FF3-C23EB0DB8E4B}.Debug|iPhone.Deploy.0 = Debug|Any CPU
		{096D43B4-9897-4560-9FF3-C23EB0DB8E4B}.Debug|iPhoneSimulator.ActiveCfg = Debug|Any CPU
		{096D43B4-9897-4560-9FF3-C23EB0DB8E4B}.Debug|iPhoneSimulator.Build.0 = Debug|Any CPU
		{096D43B4-9897-4560-9FF3-C23EB0DB8E4B}.Debug|iPhoneSimulator.Deploy.0 = Debug|Any CPU
		{096D43B4-9897-4560-9FF3-C23EB0DB8E4B}.Debug|x64.ActiveCfg = Debug|Any CPU
		{096D43B4-9897-4560-9FF3-C23EB0DB8E4B}.Debug|x64.Build.0 = Debug|Any CPU
		{096D43B4-9897-4560-9FF3-C23EB0DB8E4B}.Debug|x64.Deploy.0 = Debug|Any CPU
		{096D43B4-9897-4560-9FF3-C23EB0DB8E4B}.Debug|x86.ActiveCfg = Debug|Any CPU
		{096D43B4-9897-4560-9FF3-C23EB0DB8E4B}.Debug|x86.Build.0 = Debug|Any CPU
		{096D43B4-9897-4560-9FF3-C23EB0DB8E4B}.Debug|x86.Deploy.0 = Debug|Any CPU
		{096D43B4-9897-4560-9FF3-C23EB0DB8E4B}.Release|Any CPU.ActiveCfg = Release|Any CPU
		{096D43B4-9897-4560-9FF3-C23EB0DB8E4B}.Release|Any CPU.Build.0 = Release|Any CPU
		{096D43B4-9897-4560-9FF3-C23EB0DB8E4B}.Release|Any CPU.Deploy.0 = Release|Any CPU
		{096D43B4-9897-4560-9FF3-C23EB0DB8E4B}.Release|ARM.ActiveCfg = Release|Any CPU
		{096D43B4-9897-4560-9FF3-C23EB0DB8E4B}.Release|ARM.Build.0 = Release|Any CPU
		{096D43B4-9897-4560-9FF3-C23EB0DB8E4B}.Release|ARM.Deploy.0 = Release|Any CPU
		{096D43B4-9897-4560-9FF3-C23EB0DB8E4B}.Release|iPhone.ActiveCfg = Release|Any CPU
		{096D43B4-9897-4560-9FF3-C23EB0DB8E4B}.Release|iPhone.Build.0 = Release|Any CPU
		{096D43B4-9897-4560-9FF3-C23EB0DB8E4B}.Release|iPhone.Deploy.0 = Release|Any CPU
		{096D43B4-9897-4560-9FF3-C23EB0DB8E4B}.Release|iPhoneSimulator.ActiveCfg = Release|Any CPU
		{096D43B4-9897-4560-9FF3-C23EB0DB8E4B}.Release|iPhoneSimulator.Build.0 = Release|Any CPU
		{096D43B4-9897-4560-9FF3-C23EB0DB8E4B}.Release|iPhoneSimulator.Deploy.0 = Release|Any CPU
		{096D43B4-9897-4560-9FF3-C23EB0DB8E4B}.Release|x64.ActiveCfg = Release|Any CPU
		{096D43B4-9897-4560-9FF3-C23EB0DB8E4B}.Release|x64.Build.0 = Release|Any CPU
		{096D43B4-9897-4560-9FF3-C23EB0DB8E4B}.Release|x64.Deploy.0 = Release|Any CPU
		{096D43B4-9897-4560-9FF3-C23EB0DB8E4B}.Release|x86.ActiveCfg = Release|Any CPU
		{096D43B4-9897-4560-9FF3-C23EB0DB8E4B}.Release|x86.Build.0 = Release|Any CPU
		{096D43B4-9897-4560-9FF3-C23EB0DB8E4B}.Release|x86.Deploy.0 = Release|Any CPU
	EndGlobalSection
	GlobalSection(SolutionProperties) = preSolution
		HideSolutionNode = FALSE
	EndGlobalSection
	GlobalSection(ExtensibilityGlobals) = postSolution
		SolutionGuid = {58E82806-8FA4-49FE-9F2A-A440AB50F2EA}
	EndGlobalSection
EndGlobal
